<?xml version="1.0" encoding="UTF-8" standalone="yes" ?>
<CodeBlocks_project_file>
	<FileVersion major="1" minor="6" />
	<Project>
		<Option title="BombermanEnC" />
		<Option pch_mode="2" />
		<Option compiler="gcc" />
		<Build>
			<Target title="Debug">
				<Option output="bin/Debug/BombermanEnC" prefix_auto="1" extension_auto="1" />
				<Option object_output="obj/Debug/" />
				<Option type="1" />
				<Option compiler="gcc" />
				<Compiler>
					<Add option="-g" />
				</Compiler>
			</Target>
			<Target title="Release">
				<Option output="bin/Release/BombermanEnC" prefix_auto="1" extension_auto="1" />
				<Option object_output="obj/Release/" />
				<Option type="1" />
				<Option compiler="gcc" />
				<Compiler>
					<Add option="-O2" />
				</Compiler>
				<Linker>
					<Add option="-s" />
				</Linker>
			</Target>
		</Build>
		<Compiler>
			<Add option="-Wall" />
			<Add option="`sdl2-config --cflags`" />
		</Compiler>
		<Linker>
			<Add library="SDL2" />
			<Add library="SDL2_image" />
			<Add library="SDL2_ttf" />
			<Add library="SDL2_mixer" />
		</Linker>
		<Unit filename="include/IA.h" />
		<Unit filename="include/affichage.h" />
		<Unit filename="include/audio.h" />
		<Unit filename="include/clavier.h" />
		<Unit filename="include/constantes.h" />
		<Unit filename="include/jeu.h" />
		<Unit filename="include/menu.h" />
		<Unit filename="src/IA.c">
			<Option compilerVar="CC" />
		</Unit>
		<Unit filename="src/affichage.c">
			<Option compilerVar="CC" />
		</Unit>
		<Unit filename="src/audio.c">
			<Option compilerVar="CC" />
		</Unit>
		<Unit filename="src/clavier.c">
			<Option compilerVar="CC" />
		</Unit>
		<Unit filename="src/jeu.c">
			<Option compilerVar="CC" />
		</Unit>
		<Unit filename="src/joueurHumain.c">
			<Option compilerVar="CC" />
		</Unit>
		<Unit filename="src/main.c">
			<Option compilerVar="CC" />
		</Unit>
		<Unit filename="src/menu.c">
			<Option compilerVar="CC" />
		</Unit>
		<Extensions>
			<code_completion />
			<debugger />
			<envvars />
		</Extensions>
	</Project>
</CodeBlocks_project_file>
